Microsoft Visual Studio Solution File, Format Version 12.00
# Visual Studio Version 17
VisualStudioVersion = 17.5.2.0
MinimumVisualStudioVersion = 10.0.40219.1
Project("{FAE04EC0-301F-11D3-BF4B-00C04F79EFBC}") = "WeatherMcpServer", "WeatherMcpServer\WeatherMcpServer.csproj", "{A8702BA8-052B-E4B2-9658-529861966006}"
EndProject
Project("{FAE04EC0-301F-11D3-BF4B-00C04F79EFBC}") = "WeatherMcpServer.Tests", "WeatherMcpServer.Tests\WeatherMcpServer.Tests.csproj", "{B5DE610D-F3FC-B5CE-923E-8AFB2A367A9E}"
EndProject
Global
	GlobalSection(SolutionConfigurationPlatforms) = preSolution
		Debug|Any CPU = Debug|Any CPU
		Release|Any CPU = Release|Any CPU
	EndGlobalSection
	GlobalSection(ProjectConfigurationPlatforms) = postSolution
		{A8702BA8-052B-E4B2-9658-529861966006}.Debug|Any CPU.ActiveCfg = Debug|Any CPU
		{A8702BA8-052B-E4B2-9658-529861966006}.Debug|Any CPU.Build.0 = Debug|Any CPU
		{A8702BA8-052B-E4B2-9658-529861966006}.Release|Any CPU.ActiveCfg = Release|Any CPU
		{A8702BA8-052B-E4B2-9658-529861966006}.Release|Any CPU.Build.0 = Release|Any CPU
		{B5DE610D-F3FC-B5CE-923E-8AFB2A367A9E}.Debug|Any CPU.ActiveCfg = Debug|Any CPU
		{B5DE610D-F3FC-B5CE-923E-8AFB2A367A9E}.Debug|Any CPU.Build.0 = Debug|Any CPU
		{B5DE610D-F3FC-B5CE-923E-8AFB2A367A9E}.Release|Any CPU.ActiveCfg = Release|Any CPU
		{B5DE610D-F3FC-B5CE-923E-8AFB2A367A9E}.Release|Any CPU.Build.0 = Release|Any CPU
	EndGlobalSection
	GlobalSection(SolutionProperties) = preSolution
		HideSolutionNode = FALSE
	EndGlobalSection
	GlobalSection(ExtensibilityGlobals) = postSolution
		SolutionGuid = {97F7E9FF-12E1-481E-9114-D2E9A70D64A9}
	EndGlobalSection
EndGlobal
