
Microsoft Visual Studio Solution File, Format Version 12.00
# Visual Studio Version 17
VisualStudioVersion = 17.12.35527.113 d17.12
MinimumVisualStudioVersion = 10.0.40219.1
Project("{2150E333-8FDC-42A3-9474-1A3956D46DE8}") = "src", "src", "{70F85B2B-2FC1-4C70-93EA-1C23B55A6CD0}"
EndProject
Project("{FAE04EC0-301F-11D3-BF4B-00C04F79EFBC}") = "Application", "..\src\Application\Application.csproj", "{8ADBC18A-D9D6-4C3D-BB1A-B2AC2CD78174}"
EndProject
Project("{FAE04EC0-301F-11D3-BF4B-00C04F79EFBC}") = "Domain", "..\src\Domain\Domain.csproj", "{5B1352C0-EF33-44A7-A02E-F1C6B8597130}"
EndProject
Project("{FAE04EC0-301F-11D3-BF4B-00C04F79EFBC}") = "Infrastructure", "..\src\Infrastructure\Infrastructure.csproj", "{FCCE255C-9D7F-4FD3-B3C2-EA65B1242732}"
EndProject
Project("{FAE04EC0-301F-11D3-BF4B-00C04F79EFBC}") = "Api", "..\src\Api\Api.csproj", "{2AF0FC1F-E4CD-43EB-B54E-F10ADA8F1669}"
EndProject
Project("{2150E333-8FDC-42A3-9474-1A3956D46DE8}") = "tests", "tests", "{EE015EC1-D66F-44EB-8C81-4301FEABDA80}"
EndProject
Global
	GlobalSection(SolutionConfigurationPlatforms) = preSolution
		Debug|Any CPU = Debug|Any CPU
		Release|Any CPU = Release|Any CPU
	EndGlobalSection
	GlobalSection(ProjectConfigurationPlatforms) = postSolution
		{8ADBC18A-D9D6-4C3D-BB1A-B2AC2CD78174}.Debug|Any CPU.ActiveCfg = Debug|Any CPU
		{8ADBC18A-D9D6-4C3D-BB1A-B2AC2CD78174}.Debug|Any CPU.Build.0 = Debug|Any CPU
		{8ADBC18A-D9D6-4C3D-BB1A-B2AC2CD78174}.Release|Any CPU.ActiveCfg = Release|Any CPU
		{8ADBC18A-D9D6-4C3D-BB1A-B2AC2CD78174}.Release|Any CPU.Build.0 = Release|Any CPU
		{5B1352C0-EF33-44A7-A02E-F1C6B8597130}.Debug|Any CPU.ActiveCfg = Debug|Any CPU
		{5B1352C0-EF33-44A7-A02E-F1C6B8597130}.Debug|Any CPU.Build.0 = Debug|Any CPU
		{5B1352C0-EF33-44A7-A02E-F1C6B8597130}.Release|Any CPU.ActiveCfg = Release|Any CPU
		{5B1352C0-EF33-44A7-A02E-F1C6B8597130}.Release|Any CPU.Build.0 = Release|Any CPU
		{FCCE255C-9D7F-4FD3-B3C2-EA65B1242732}.Debug|Any CPU.ActiveCfg = Debug|Any CPU
		{FCCE255C-9D7F-4FD3-B3C2-EA65B1242732}.Debug|Any CPU.Build.0 = Debug|Any CPU
		{FCCE255C-9D7F-4FD3-B3C2-EA65B1242732}.Release|Any CPU.ActiveCfg = Release|Any CPU
		{FCCE255C-9D7F-4FD3-B3C2-EA65B1242732}.Release|Any CPU.Build.0 = Release|Any CPU
		{2AF0FC1F-E4CD-43EB-B54E-F10ADA8F1669}.Debug|Any CPU.ActiveCfg = Debug|Any CPU
		{2AF0FC1F-E4CD-43EB-B54E-F10ADA8F1669}.Debug|Any CPU.Build.0 = Debug|Any CPU
		{2AF0FC1F-E4CD-43EB-B54E-F10ADA8F1669}.Release|Any CPU.ActiveCfg = Release|Any CPU
		{2AF0FC1F-E4CD-43EB-B54E-F10ADA8F1669}.Release|Any CPU.Build.0 = Release|Any CPU
	EndGlobalSection
	GlobalSection(SolutionProperties) = preSolution
		HideSolutionNode = FALSE
	EndGlobalSection
	GlobalSection(NestedProjects) = preSolution
		{8ADBC18A-D9D6-4C3D-BB1A-B2AC2CD78174} = {70F85B2B-2FC1-4C70-93EA-1C23B55A6CD0}
		{5B1352C0-EF33-44A7-A02E-F1C6B8597130} = {70F85B2B-2FC1-4C70-93EA-1C23B55A6CD0}
		{FCCE255C-9D7F-4FD3-B3C2-EA65B1242732} = {70F85B2B-2FC1-4C70-93EA-1C23B55A6CD0}
		{2AF0FC1F-E4CD-43EB-B54E-F10ADA8F1669} = {70F85B2B-2FC1-4C70-93EA-1C23B55A6CD0}
	EndGlobalSection
EndGlobal
