
Microsoft Visual Studio Solution File, Format Version 12.00
# Visual Studio Version 17
VisualStudioVersion = 17.14.36301.6
MinimumVisualStudioVersion = 10.0.40219.1
Project("{FAE04EC0-301F-11D3-BF4B-00C04F79EFBC}") = "WeatherMcpServer", "WeatherMcpServer.csproj", "{EDBA5D89-A8BC-4EC1-99A2-1E898AF89816}"
EndProject
Project("{FAE04EC0-301F-11D3-BF4B-00C04F79EFBC}") = "WeatherMcpServer.Tests", "WeatherMcpServer.Tests\WeatherMcpServer.Tests.csproj", "{6BAC6EBD-132A-4319-907B-F7FFAE2A3788}"
EndProject
Global
	GlobalSection(SolutionConfigurationPlatforms) = preSolution
		Debug|Any CPU = Debug|Any CPU
		Debug|x64 = Debug|x64
		Debug|x86 = Debug|x86
		Release|Any CPU = Release|Any CPU
		Release|x64 = Release|x64
		Release|x86 = Release|x86
	EndGlobalSection
	GlobalSection(ProjectConfigurationPlatforms) = postSolution
		{EDBA5D89-A8BC-4EC1-99A2-1E898AF89816}.Debug|Any CPU.ActiveCfg = Debug|Any CPU
		{EDBA5D89-A8BC-4EC1-99A2-1E898AF89816}.Debug|Any CPU.Build.0 = Debug|Any CPU
		{EDBA5D89-A8BC-4EC1-99A2-1E898AF89816}.Debug|x64.ActiveCfg = Debug|Any CPU
		{EDBA5D89-A8BC-4EC1-99A2-1E898AF89816}.Debug|x64.Build.0 = Debug|Any CPU
		{EDBA5D89-A8BC-4EC1-99A2-1E898AF89816}.Debug|x86.ActiveCfg = Debug|Any CPU
		{EDBA5D89-A8BC-4EC1-99A2-1E898AF89816}.Debug|x86.Build.0 = Debug|Any CPU
		{EDBA5D89-A8BC-4EC1-99A2-1E898AF89816}.Release|Any CPU.ActiveCfg = Release|Any CPU
		{EDBA5D89-A8BC-4EC1-99A2-1E898AF89816}.Release|Any CPU.Build.0 = Release|Any CPU
		{EDBA5D89-A8BC-4EC1-99A2-1E898AF89816}.Release|x64.ActiveCfg = Release|Any CPU
		{EDBA5D89-A8BC-4EC1-99A2-1E898AF89816}.Release|x64.Build.0 = Release|Any CPU
		{EDBA5D89-A8BC-4EC1-99A2-1E898AF89816}.Release|x86.ActiveCfg = Release|Any CPU
		{EDBA5D89-A8BC-4EC1-99A2-1E898AF89816}.Release|x86.Build.0 = Release|Any CPU
		{6BAC6EBD-132A-4319-907B-F7FFAE2A3788}.Debug|Any CPU.ActiveCfg = Debug|Any CPU
		{6BAC6EBD-132A-4319-907B-F7FFAE2A3788}.Debug|Any CPU.Build.0 = Debug|Any CPU
		{6BAC6EBD-132A-4319-907B-F7FFAE2A3788}.Debug|x64.ActiveCfg = Debug|Any CPU
		{6BAC6EBD-132A-4319-907B-F7FFAE2A3788}.Debug|x64.Build.0 = Debug|Any CPU
		{6BAC6EBD-132A-4319-907B-F7FFAE2A3788}.Debug|x86.ActiveCfg = Debug|Any CPU
		{6BAC6EBD-132A-4319-907B-F7FFAE2A3788}.Debug|x86.Build.0 = Debug|Any CPU
		{6BAC6EBD-132A-4319-907B-F7FFAE2A3788}.Release|Any CPU.ActiveCfg = Release|Any CPU
		{6BAC6EBD-132A-4319-907B-F7FFAE2A3788}.Release|Any CPU.Build.0 = Release|Any CPU
		{6BAC6EBD-132A-4319-907B-F7FFAE2A3788}.Release|x64.ActiveCfg = Release|Any CPU
		{6BAC6EBD-132A-4319-907B-F7FFAE2A3788}.Release|x64.Build.0 = Release|Any CPU
		{6BAC6EBD-132A-4319-907B-F7FFAE2A3788}.Release|x86.ActiveCfg = Release|Any CPU
		{6BAC6EBD-132A-4319-907B-F7FFAE2A3788}.Release|x86.Build.0 = Release|Any CPU
	EndGlobalSection
	GlobalSection(SolutionProperties) = preSolution
		HideSolutionNode = FALSE
	EndGlobalSection
	GlobalSection(ExtensibilityGlobals) = postSolution
		SolutionGuid = {A735245B-AADD-4AD2-AD64-4267AC6E3CE9}
	EndGlobalSection
EndGlobal
